
Microsoft Visual Studio Solution File, Format Version 12.00
# Visual Studio Version 16
VisualStudioVersion = 16.0.30114.105
MinimumVisualStudioVersion = 10.0.40219.1
Project("{2150E333-8FDC-42A3-9474-1A3956D46DE8}") = "src", "src", "{1D1EBC32-4BB8-4EF1-B05E-D4FEBF3713E6}"
EndProject
Project("{FAE04EC0-301F-11D3-BF4B-00C04F79EFBC}") = "Engine", "src\Engine\Engine.csproj", "{47928845-E1AD-4941-AC8F-6E18F5063C7F}"
EndProject
Global
	GlobalSection(SolutionConfigurationPlatforms) = preSolution
		Debug|Any CPU = Debug|Any CPU
		Release|Any CPU = Release|Any CPU
	EndGlobalSection
	GlobalSection(SolutionProperties) = preSolution
		HideSolutionNode = FALSE
	EndGlobalSection
	GlobalSection(ProjectConfigurationPlatforms) = postSolution
		{47928845-E1AD-4941-AC8F-6E18F5063C7F}.Debug|Any CPU.ActiveCfg = Debug|Any CPU
		{47928845-E1AD-4941-AC8F-6E18F5063C7F}.Debug|Any CPU.Build.0 = Debug|Any CPU
		{47928845-E1AD-4941-AC8F-6E18F5063C7F}.Release|Any CPU.ActiveCfg = Release|Any CPU
		{47928845-E1AD-4941-AC8F-6E18F5063C7F}.Release|Any CPU.Build.0 = Release|Any CPU
	EndGlobalSection
	GlobalSection(NestedProjects) = preSolution
		{47928845-E1AD-4941-AC8F-6E18F5063C7F} = {1D1EBC32-4BB8-4EF1-B05E-D4FEBF3713E6}
	EndGlobalSection
EndGlobal
